
Microsoft Visual Studio Solution File, Format Version 12.00
# Visual Studio Version 16
VisualStudioVersion = 16.0.30309.148
MinimumVisualStudioVersion = 10.0.40219.1
Project("{9A19103F-16F7-4668-BE54-9A1E7A4F7556}") = "ScsLib", "ScsLib\ScsLib.csproj", "{2082C22A-14FF-4FFC-922B-6EBF53C5700A}"
EndProject
Project("{9A19103F-16F7-4668-BE54-9A1E7A4F7556}") = "ScsLib.Test", "ScsLib.Test\ScsLib.Test.csproj", "{4B43D3DF-B636-4484-8B24-2DB54424B3EC}"
EndProject
Project("{9A19103F-16F7-4668-BE54-9A1E7A4F7556}") = "ScsLib.Wpf", "ScsLib.Wpf\ScsLib.Wpf.csproj", "{2E3A1D07-59F2-4E11-B493-CA71DD4BEC73}"
EndProject
Project("{9A19103F-16F7-4668-BE54-9A1E7A4F7556}") = "ScsLib.ThreeNK", "ScsLib.ThreeNK\ScsLib.ThreeNK.csproj", "{3AE13173-1DF7-4117-9F8E-430DF679B574}"
EndProject
Project("{9A19103F-16F7-4668-BE54-9A1E7A4F7556}") = "ScsLib.ThreeNK.Test", "ScsLib.ThreeNK.Test\ScsLib.ThreeNK.Test.csproj", "{E9845F9F-F64D-460F-A346-B615D2DF6BE8}"
EndProject
Project("{FAE04EC0-301F-11D3-BF4B-00C04F79EFBC}") = "ScsLib.Map", "ScsLib.Map\ScsLib.Map.csproj", "{E69A776E-DD7B-4081-9C00-4DCC327E852C}"
EndProject
Global
	GlobalSection(SolutionConfigurationPlatforms) = preSolution
		Debug|Any CPU = Debug|Any CPU
		Release|Any CPU = Release|Any CPU
	EndGlobalSection
	GlobalSection(ProjectConfigurationPlatforms) = postSolution
		{2082C22A-14FF-4FFC-922B-6EBF53C5700A}.Debug|Any CPU.ActiveCfg = Debug|Any CPU
		{2082C22A-14FF-4FFC-922B-6EBF53C5700A}.Debug|Any CPU.Build.0 = Debug|Any CPU
		{2082C22A-14FF-4FFC-922B-6EBF53C5700A}.Release|Any CPU.ActiveCfg = Release|Any CPU
		{2082C22A-14FF-4FFC-922B-6EBF53C5700A}.Release|Any CPU.Build.0 = Release|Any CPU
		{4B43D3DF-B636-4484-8B24-2DB54424B3EC}.Debug|Any CPU.ActiveCfg = Debug|Any CPU
		{4B43D3DF-B636-4484-8B24-2DB54424B3EC}.Debug|Any CPU.Build.0 = Debug|Any CPU
		{4B43D3DF-B636-4484-8B24-2DB54424B3EC}.Release|Any CPU.ActiveCfg = Release|Any CPU
		{4B43D3DF-B636-4484-8B24-2DB54424B3EC}.Release|Any CPU.Build.0 = Release|Any CPU
		{2E3A1D07-59F2-4E11-B493-CA71DD4BEC73}.Debug|Any CPU.ActiveCfg = Debug|Any CPU
		{2E3A1D07-59F2-4E11-B493-CA71DD4BEC73}.Debug|Any CPU.Build.0 = Debug|Any CPU
		{2E3A1D07-59F2-4E11-B493-CA71DD4BEC73}.Release|Any CPU.ActiveCfg = Release|Any CPU
		{2E3A1D07-59F2-4E11-B493-CA71DD4BEC73}.Release|Any CPU.Build.0 = Release|Any CPU
		{3AE13173-1DF7-4117-9F8E-430DF679B574}.Debug|Any CPU.ActiveCfg = Debug|Any CPU
		{3AE13173-1DF7-4117-9F8E-430DF679B574}.Debug|Any CPU.Build.0 = Debug|Any CPU
		{3AE13173-1DF7-4117-9F8E-430DF679B574}.Release|Any CPU.ActiveCfg = Release|Any CPU
		{3AE13173-1DF7-4117-9F8E-430DF679B574}.Release|Any CPU.Build.0 = Release|Any CPU
		{E9845F9F-F64D-460F-A346-B615D2DF6BE8}.Debug|Any CPU.ActiveCfg = Debug|Any CPU
		{E9845F9F-F64D-460F-A346-B615D2DF6BE8}.Debug|Any CPU.Build.0 = Debug|Any CPU
		{E9845F9F-F64D-460F-A346-B615D2DF6BE8}.Release|Any CPU.ActiveCfg = Release|Any CPU
		{E9845F9F-F64D-460F-A346-B615D2DF6BE8}.Release|Any CPU.Build.0 = Release|Any CPU
		{E69A776E-DD7B-4081-9C00-4DCC327E852C}.Debug|Any CPU.ActiveCfg = Debug|Any CPU
		{E69A776E-DD7B-4081-9C00-4DCC327E852C}.Debug|Any CPU.Build.0 = Debug|Any CPU
		{E69A776E-DD7B-4081-9C00-4DCC327E852C}.Release|Any CPU.ActiveCfg = Release|Any CPU
		{E69A776E-DD7B-4081-9C00-4DCC327E852C}.Release|Any CPU.Build.0 = Release|Any CPU
	EndGlobalSection
	GlobalSection(SolutionProperties) = preSolution
		HideSolutionNode = FALSE
	EndGlobalSection
	GlobalSection(ExtensibilityGlobals) = postSolution
		SolutionGuid = {0574F2C3-EF21-440F-9B19-9C6D1859D712}
	EndGlobalSection
EndGlobal
